
Microsoft Visual Studio Solution File, Format Version 12.00
# Visual Studio Version 17
VisualStudioVersion = 17.0.31919.166
MinimumVisualStudioVersion = 10.0.40219.1
Project("{F184B08F-C81C-45F6-A57F-5ABD9991F28F}") = "SerialMonitorPRO", "SerialMonitorPRO\SerialMonitorPRO.vbproj", "{86873E84-3E32-415F-8F9A-B2ECA7949D08}"
EndProject
Global
	GlobalSection(SolutionConfigurationPlatforms) = preSolution
		Debug|Any CPU = Debug|Any CPU
		Release|Any CPU = Release|Any CPU
	EndGlobalSection
	GlobalSection(ProjectConfigurationPlatforms) = postSolution
		{86873E84-3E32-415F-8F9A-B2ECA7949D08}.Debug|Any CPU.ActiveCfg = Debug|Any CPU
		{86873E84-3E32-415F-8F9A-B2ECA7949D08}.Debug|Any CPU.Build.0 = Debug|Any CPU
		{86873E84-3E32-415F-8F9A-B2ECA7949D08}.Release|Any CPU.ActiveCfg = Release|Any CPU
		{86873E84-3E32-415F-8F9A-B2ECA7949D08}.Release|Any CPU.Build.0 = Release|Any CPU
	EndGlobalSection
	GlobalSection(SolutionProperties) = preSolution
		HideSolutionNode = FALSE
	EndGlobalSection
	GlobalSection(ExtensibilityGlobals) = postSolution
		SolutionGuid = {52BDE59D-F665-4D6C-9101-9A9A04120B38}
	EndGlobalSection
EndGlobal
